<?xml version="1.0" encoding="utf-8"?>
<Project ToolsVersion="4.0" xmlns="http://schemas.microsoft.com/developer/msbuild/2003">
  <ItemGroup>
    <Filter Include="Fable">
      <UniqueIdentifier>{5F93280D-CBA7-50BE-9429-F41D00FD4CEF}</UniqueIdentifier>
    </Filter>
    <Filter Include="Fable\Events">
      <UniqueIdentifier>{63DE48F5-4F41-D899-F8C6-1050E408A41C}</UniqueIdentifier>
    </Filter>
    <Filter Include="Fable\Renderer">
      <UniqueIdentifier>{E511F561-D1DF-E867-BA73-598EA6E0C4CC}</UniqueIdentifier>
    </Filter>
    <Filter Include="Platform">
      <UniqueIdentifier>{2AC788B4-1694-E3BF-3FAD-D1672BD9184E}</UniqueIdentifier>
    </Filter>
    <Filter Include="Platform\VulkanRendering">
      <UniqueIdentifier>{E83C8F27-D461-DEA7-FDAC-C337E930DDC5}</UniqueIdentifier>
    </Filter>
    <Filter Include="Platform\VulkanRendering\VulkanBackend">
      <UniqueIdentifier>{D08130B3-BCD3-07A3-A5F2-44B391E3208C}</UniqueIdentifier>
    </Filter>
    <Filter Include="Platform\Windows">
      <UniqueIdentifier>{64FBD71A-50F4-F66C-7926-DCF1657ED678}</UniqueIdentifier>
    </Filter>
  </ItemGroup>
  <ItemGroup>
    <ClInclude Include="src\Fable.h" />
    <ClInclude Include="src\Fable\Application.h">
      <Filter>Fable</Filter>
    </ClInclude>
    <ClInclude Include="src\Fable\Camera.h">
      <Filter>Fable</Filter>
    </ClInclude>
    <ClInclude Include="src\Fable\Core.h">
      <Filter>Fable</Filter>
    </ClInclude>
    <ClInclude Include="src\Fable\EntryPoint.h">
      <Filter>Fable</Filter>
    </ClInclude>
    <ClInclude Include="src\Fable\Events\ApplicationEvents.h">
      <Filter>Fable\Events</Filter>
    </ClInclude>
    <ClInclude Include="src\Fable\Events\Events.h">
      <Filter>Fable\Events</Filter>
    </ClInclude>
    <ClInclude Include="src\Fable\Events\KeyEvents.h">
      <Filter>Fable\Events</Filter>
    </ClInclude>
    <ClInclude Include="src\Fable\Events\MouseEvents.h">
      <Filter>Fable\Events</Filter>
    </ClInclude>
    <ClInclude Include="src\Fable\Input.h">
      <Filter>Fable</Filter>
    </ClInclude>
    <ClInclude Include="src\Fable\Layer.h">
      <Filter>Fable</Filter>
    </ClInclude>
    <ClInclude Include="src\Fable\LayerStack.h">
      <Filter>Fable</Filter>
    </ClInclude>
    <ClInclude Include="src\Fable\Renderer\Buffer.h">
      <Filter>Fable\Renderer</Filter>
    </ClInclude>
    <ClInclude Include="src\Fable\Renderer\GraphicsContext.h">
      <Filter>Fable\Renderer</Filter>
    </ClInclude>
    <ClInclude Include="src\Fable\Renderer\RenderCommand.h">
      <Filter>Fable\Renderer</Filter>
    </ClInclude>
    <ClInclude Include="src\Fable\Renderer\Renderer.h">
      <Filter>Fable\Renderer</Filter>
    </ClInclude>
    <ClInclude Include="src\Fable\Renderer\RendererAPI.h">
      <Filter>Fable\Renderer</Filter>
    </ClInclude>
    <ClInclude Include="src\Fable\Renderer\Shader.h">
      <Filter>Fable\Renderer</Filter>
    </ClInclude>
    <ClInclude Include="src\Fable\Window.h">
      <Filter>Fable</Filter>
    </ClInclude>
    <ClInclude Include="src\Platform\VulkanRendering\VulkanBackend\VulkanInitalizers.h">
      <Filter>Platform\VulkanRendering\VulkanBackend</Filter>
    </ClInclude>
    <ClInclude Include="src\Platform\VulkanRendering\VulkanBackend\VulkanPipelineBuilder.h">
      <Filter>Platform\VulkanRendering\VulkanBackend</Filter>
    </ClInclude>
    <ClInclude Include="src\Platform\VulkanRendering\VulkanBackend\VulkanUtilities.h">
      <Filter>Platform\VulkanRendering\VulkanBackend</Filter>
    </ClInclude>
    <ClInclude Include="src\Platform\VulkanRendering\VulkanBackend\VulkanWrapper.h">
      <Filter>Platform\VulkanRendering\VulkanBackend</Filter>
    </ClInclude>
    <ClInclude Include="src\Platform\VulkanRendering\VulkanBuffer.h">
      <Filter>Platform\VulkanRendering</Filter>
    </ClInclude>
    <ClInclude Include="src\Platform\VulkanRendering\VulkanContext.h">
      <Filter>Platform\VulkanRendering</Filter>
    </ClInclude>
    <ClInclude Include="src\Platform\VulkanRendering\VulkanRendererAPI.h">
      <Filter>Platform\VulkanRendering</Filter>
    </ClInclude>
    <ClInclude Include="src\Platform\VulkanRendering\VulkanShader.h">
      <Filter>Platform\VulkanRendering</Filter>
    </ClInclude>
    <ClInclude Include="src\Platform\Windows\WindowsInput.h">
      <Filter>Platform\Windows</Filter>
    </ClInclude>
    <ClInclude Include="src\Platform\Windows\WindowsWindow.h">
      <Filter>Platform\Windows</Filter>
    </ClInclude>
    <ClInclude Include="src\fbpch.h" />
  </ItemGroup>
  <ItemGroup>
    <ClCompile Include="src\Fable\Application.cpp">
      <Filter>Fable</Filter>
    </ClCompile>
    <ClCompile Include="src\Fable\Camera.cpp">
      <Filter>Fable</Filter>
    </ClCompile>
    <ClCompile Include="src\Fable\Layer.cpp">
      <Filter>Fable</Filter>
    </ClCompile>
    <ClCompile Include="src\Fable\LayerStack.cpp">
      <Filter>Fable</Filter>
    </ClCompile>
    <ClCompile Include="src\Fable\Renderer\Buffer.cpp">
      <Filter>Fable\Renderer</Filter>
    </ClCompile>
    <ClCompile Include="src\Fable\Renderer\GraphicsContext.cpp">
      <Filter>Fable\Renderer</Filter>
    </ClCompile>
    <ClCompile Include="src\Fable\Renderer\RenderCommand.cpp">
      <Filter>Fable\Renderer</Filter>
    </ClCompile>
    <ClCompile Include="src\Fable\Renderer\Renderer.cpp">
      <Filter>Fable\Renderer</Filter>
    </ClCompile>
    <ClCompile Include="src\Fable\Renderer\RendererAPI.cpp">
      <Filter>Fable\Renderer</Filter>
    </ClCompile>
    <ClCompile Include="src\Fable\Renderer\Shader.cpp">
      <Filter>Fable\Renderer</Filter>
    </ClCompile>
    <ClCompile Include="src\Platform\VulkanRendering\VulkanBackend\VulkanInitalizers.cpp">
      <Filter>Platform\VulkanRendering\VulkanBackend</Filter>
    </ClCompile>
    <ClCompile Include="src\Platform\VulkanRendering\VulkanBackend\VulkanPipelineBuilder.cpp">
      <Filter>Platform\VulkanRendering\VulkanBackend</Filter>
    </ClCompile>
    <ClCompile Include="src\Platform\VulkanRendering\VulkanBackend\VulkanUtilities.cpp">
      <Filter>Platform\VulkanRendering\VulkanBackend</Filter>
    </ClCompile>
    <ClCompile Include="src\Platform\VulkanRendering\VulkanBackend\VulkanWrapper.cpp">
      <Filter>Platform\VulkanRendering\VulkanBackend</Filter>
    </ClCompile>
    <ClCompile Include="src\Platform\VulkanRendering\VulkanBackend\imGuiTemp.cpp">
      <Filter>Platform\VulkanRendering\VulkanBackend</Filter>
    </ClCompile>
    <ClCompile Include="src\Platform\VulkanRendering\VulkanBuffer.cpp">
      <Filter>Platform\VulkanRendering</Filter>
    </ClCompile>
    <ClCompile Include="src\Platform\VulkanRendering\VulkanContext.cpp">
      <Filter>Platform\VulkanRendering</Filter>
    </ClCompile>
    <ClCompile Include="src\Platform\VulkanRendering\VulkanRendererAPI.cpp">
      <Filter>Platform\VulkanRendering</Filter>
    </ClCompile>
    <ClCompile Include="src\Platform\VulkanRendering\VulkanShader.cpp">
      <Filter>Platform\VulkanRendering</Filter>
    </ClCompile>
    <ClCompile Include="src\Platform\Windows\WindowsInput.cpp">
      <Filter>Platform\Windows</Filter>
    </ClCompile>
    <ClCompile Include="src\Platform\Windows\WindowsWindow.cpp">
      <Filter>Platform\Windows</Filter>
    </ClCompile>
    <ClCompile Include="src\fbpch.cpp" />
  </ItemGroup>
</Project>